
Microsoft Visual Studio Solution File, Format Version 12.00
# Visual Studio Version 17
VisualStudioVersion = 17.8.34309.116
MinimumVisualStudioVersion = 10.0.40219.1
Project("{FAE04EC0-301F-11D3-BF4B-00C04F79EFBC}") = "GrundlagenIfELse", "GrundlagenIfELse.csproj", "{C3B90F61-5848-405E-9D02-F4A8157D1637}"
EndProject
Global
	GlobalSection(SolutionConfigurationPlatforms) = preSolution
		Debug|Any CPU = Debug|Any CPU
		Release|Any CPU = Release|Any CPU
	EndGlobalSection
	GlobalSection(ProjectConfigurationPlatforms) = postSolution
		{C3B90F61-5848-405E-9D02-F4A8157D1637}.Debug|Any CPU.ActiveCfg = Debug|Any CPU
		{C3B90F61-5848-405E-9D02-F4A8157D1637}.Debug|Any CPU.Build.0 = Debug|Any CPU
		{C3B90F61-5848-405E-9D02-F4A8157D1637}.Release|Any CPU.ActiveCfg = Release|Any CPU
		{C3B90F61-5848-405E-9D02-F4A8157D1637}.Release|Any CPU.Build.0 = Release|Any CPU
	EndGlobalSection
	GlobalSection(SolutionProperties) = preSolution
		HideSolutionNode = FALSE
	EndGlobalSection
	GlobalSection(ExtensibilityGlobals) = postSolution
		SolutionGuid = {B3B8F803-CCFF-4472-B01A-3B25EE52235E}
	EndGlobalSection
EndGlobal
